dependencies:
  domimartinglogi/dynamic_modbus_master:
    component_hash: null
    source:
      path: /workspaces/dynamic_modbus_master
      type: local
    version: 0.0.1
  espressif/esp-modbus:
    component_hash: ec567c912fbd8b08648ba72b5562df012482584918fb4af670e57025fc30ea42
    source:
      service_url: https://api.components.espressif.com/
      type: service
    version: 1.0.15
  idf:
    component_hash: null
    source:
      type: idf
    version: 5.2.0
manifest_hash: f5736dc34c8dd45e79a081354a6dfb18eabec5432ee32f40a154b7f7a7482d69
target: esp32
version: 1.0.0
